
Microsoft Visual Studio Solution File, Format Version 12.00
# Visual Studio Version 16
VisualStudioVersion = 16.0.30128.74
MinimumVisualStudioVersion = 10.0.40219.1
Project("{FAE04EC0-301F-11D3-BF4B-00C04F79EFBC}") = "Club GUI", "Club GUI.csproj", "{BAFF688D-5728-4148-9F9F-6A00D2B2FDB6}"
EndProject
Global
	GlobalSection(SolutionConfigurationPlatforms) = preSolution
		Debug|Any CPU = Debug|Any CPU
		Release|Any CPU = Release|Any CPU
	EndGlobalSection
	GlobalSection(ProjectConfigurationPlatforms) = postSolution
		{BAFF688D-5728-4148-9F9F-6A00D2B2FDB6}.Debug|Any CPU.ActiveCfg = Debug|Any CPU
		{BAFF688D-5728-4148-9F9F-6A00D2B2FDB6}.Debug|Any CPU.Build.0 = Debug|Any CPU
		{BAFF688D-5728-4148-9F9F-6A00D2B2FDB6}.Release|Any CPU.ActiveCfg = Release|Any CPU
		{BAFF688D-5728-4148-9F9F-6A00D2B2FDB6}.Release|Any CPU.Build.0 = Release|Any CPU
	EndGlobalSection
	GlobalSection(SolutionProperties) = preSolution
		HideSolutionNode = FALSE
	EndGlobalSection
	GlobalSection(ExtensibilityGlobals) = postSolution
		SolutionGuid = {9C48EBD1-B193-418C-B237-2EC2D70AB61C}
	EndGlobalSection
EndGlobal
